// !$*UTF8*$!
{
	archiveVersion = 1;
	classes = {
	};
	objectVersion = 48;
	objects = {

/* Begin PBXBuildFile section */
		041D6CD721A55EE200E26A43 /* UIImage+PD.m in Sources */ = {isa = PBXBuildFile; fileRef = 041D6CD621A55EE200E26A43 /* UIImage+PD.m */; };
		0436BD2021AFC50B00249953 /* PDLoadingProgress.m in Sources */ = {isa = PBXBuildFile; fileRef = 0436BD1F21AFC50B00249953 /* PDLoadingProgress.m */; };
		0487B8122169AC79001D797D /* AppDelegate.m in Sources */ = {isa = PBXBuildFile; fileRef = 0487B8112169AC79001D797D /* AppDelegate.m */; };
		0487B8182169AC79001D797D /* Main.storyboard in Resources */ = {isa = PBXBuildFile; fileRef = 0487B8162169AC79001D797D /* Main.storyboard */; };
		0487B81A2169AC79001D797D /* Assets.xcassets in Resources */ = {isa = PBXBuildFile; fileRef = 0487B8192169AC79001D797D /* Assets.xcassets */; };
		0487B81D2169AC79001D797D /* LaunchScreen.storyboard in Resources */ = {isa = PBXBuildFile; fileRef = 0487B81B2169AC79001D797D /* LaunchScreen.storyboard */; };
		0487B8202169AC79001D797D /* main.m in Sources */ = {isa = PBXBuildFile; fileRef = 0487B81F2169AC79001D797D /* main.m */; };
		0487B82A2169AC7A001D797D /* PDPersonTests.m in Sources */ = {isa = PBXBuildFile; fileRef = 0487B8292169AC7A001D797D /* PDPersonTests.m */; };
		0487B83E2169EB75001D797D /* PDViewController.m in Sources */ = {isa = PBXBuildFile; fileRef = 0487B83D2169EB75001D797D /* PDViewController.m */; };
		0487B8422169F185001D797D /* PDNavigationController.m in Sources */ = {isa = PBXBuildFile; fileRef = 0487B8412169F185001D797D /* PDNavigationController.m */; };
		0487B8462169F3B1001D797D /* PDCachesManager.m in Sources */ = {isa = PBXBuildFile; fileRef = 0487B8452169F3B1001D797D /* PDCachesManager.m */; };
		0487B8492169F48C001D797D /* PDConst.m in Sources */ = {isa = PBXBuildFile; fileRef = 0487B8482169F48C001D797D /* PDConst.m */; };
		0487B84C2169F561001D797D /* SVProgressHUD+PD.m in Sources */ = {isa = PBXBuildFile; fileRef = 0487B84A2169F561001D797D /* SVProgressHUD+PD.m */; };
		0487B84F2169FA97001D797D /* PDTabBarController.m in Sources */ = {isa = PBXBuildFile; fileRef = 0487B84E2169FA97001D797D /* PDTabBarController.m */; };
		0487B852216A0153001D797D /* PDTableViewController.m in Sources */ = {isa = PBXBuildFile; fileRef = 0487B851216A0153001D797D /* PDTableViewController.m */; };
		0487B855216A06DE001D797D /* PDHomeVC.m in Sources */ = {isa = PBXBuildFile; fileRef = 0487B854216A06DE001D797D /* PDHomeVC.m */; };
		0487B858216AEE05001D797D /* PDWebViewController.m in Sources */ = {isa = PBXBuildFile; fileRef = 0487B857216AEE05001D797D /* PDWebViewController.m */; };
		0487B85B216B29BC001D797D /* PDMineVC.m in Sources */ = {isa = PBXBuildFile; fileRef = 0487B85A216B29BC001D797D /* PDMineVC.m */; };
		04C0F7BF219D4A0300305A78 /* PDTimer.m in Sources */ = {isa = PBXBuildFile; fileRef = 04C0F7BE219D4A0300305A78 /* PDTimer.m */; };
		04C0F7C2219D623C00305A78 /* NSString+PD.m in Sources */ = {isa = PBXBuildFile; fileRef = 04C0F7C1219D623C00305A78 /* NSString+PD.m */; };
		04C0F7C5219D6A5200305A78 /* UIButton+larger.m in Sources */ = {isa = PBXBuildFile; fileRef = 04C0F7C4219D6A5200305A78 /* UIButton+larger.m */; };
		04C0F7C8219D6A9E00305A78 /* UILabel+PD.m in Sources */ = {isa = PBXBuildFile; fileRef = 04C0F7C7219D6A9D00305A78 /* UILabel+PD.m */; };
		04C0F7CB219D6B8700305A78 /* UIImageView+PD.m in Sources */ = {isa = PBXBuildFile; fileRef = 04C0F7C9219D6B8700305A78 /* UIImageView+PD.m */; };
		04C0F7CE219D6C6900305A78 /* UIColor+Extend.m in Sources */ = {isa = PBXBuildFile; fileRef = 04C0F7CC219D6C6800305A78 /* UIColor+Extend.m */; };
		04C0F7D1219D6CDF00305A78 /* UIButton+PD.m in Sources */ = {isa = PBXBuildFile; fileRef = 04C0F7CF219D6CDF00305A78 /* UIButton+PD.m */; };
		04C0F7D4219D705800305A78 /* PDRequestURL.m in Sources */ = {isa = PBXBuildFile; fileRef = 04C0F7D3219D705800305A78 /* PDRequestURL.m */; };
		04C0F7D8219D763E00305A78 /* PDXibCell.m in Sources */ = {isa = PBXBuildFile; fileRef = 04C0F7D6219D763E00305A78 /* PDXibCell.m */; };
		04C0F7D9219D763E00305A78 /* PDXibCell.xib in Resources */ = {isa = PBXBuildFile; fileRef = 04C0F7D7219D763E00305A78 /* PDXibCell.xib */; };
		04C0F7DC219EA76300305A78 /* PDShadowLabel.m in Sources */ = {isa = PBXBuildFile; fileRef = 04C0F7DA219EA76200305A78 /* PDShadowLabel.m */; };
		04C0F7DF219EAA6700305A78 /* UIAlertController+PD.m in Sources */ = {isa = PBXBuildFile; fileRef = 04C0F7DE219EAA6700305A78 /* UIAlertController+PD.m */; };
		04C0F7E2219EB22C00305A78 /* PDNetworkCache.m in Sources */ = {isa = PBXBuildFile; fileRef = 04C0F7E1219EB22C00305A78 /* PDNetworkCache.m */; };
		04C0F7E5219EB74000305A78 /* PDNetworking.m in Sources */ = {isa = PBXBuildFile; fileRef = 04C0F7E4219EB74000305A78 /* PDNetworking.m */; };
		04C0F7E8219EB95A00305A78 /* PDUploadParam.m in Sources */ = {isa = PBXBuildFile; fileRef = 04C0F7E7219EB95A00305A78 /* PDUploadParam.m */; };
		04C0F7EB21A28E8400305A78 /* PDReachability.m in Sources */ = {isa = PBXBuildFile; fileRef = 04C0F7EA21A28E8400305A78 /* PDReachability.m */; };
		04C0F7EE21A2953800305A78 /* APIManager.m in Sources */ = {isa = PBXBuildFile; fileRef = 04C0F7ED21A2953800305A78 /* APIManager.m */; };
		04C0F7F121A2993100305A78 /* PDBaseModel.m in Sources */ = {isa = PBXBuildFile; fileRef = 04C0F7F021A2993100305A78 /* PDBaseModel.m */; };
		04C0F7F421A2BA3500305A78 /* PDUserModel.m in Sources */ = {isa = PBXBuildFile; fileRef = 04C0F7F321A2BA3500305A78 /* PDUserModel.m */; };
		04C0F7F721A2BB9E00305A78 /* APPManager.m in Sources */ = {isa = PBXBuildFile; fileRef = 04C0F7F621A2BB9E00305A78 /* APPManager.m */; };
		04C0F7FA21A2BBD200305A78 /* PDUserManager.m in Sources */ = {isa = PBXBuildFile; fileRef = 04C0F7F921A2BBD200305A78 /* PDUserManager.m */; };
		A0ACD4454771E4A4A52E0539 /* libPods-PDPerson.a in Frameworks */ = {isa = PBXBuildFile; fileRef = AF395270F540724282D48567 /* libPods-PDPerson.a */; };
		C0125F98C9F36FD6A324C641 /* libPods-PDPersonTests.a in Frameworks */ = {isa = PBXBuildFile; fileRef = DAA978AAD79E8241E1A855B7 /* libPods-PDPersonTests.a */; };
/* End PBXBuildFile section */

/* Begin PBXContainerItemProxy section */
		0487B8262169AC7A001D797D /* PBXContainerItemProxy */ = {
			isa = PBXContainerItemProxy;
			containerPortal = 0487B8052169AC79001D797D /* Project object */;
			proxyType = 1;
			remoteGlobalIDString = 0487B80C2169AC79001D797D;
			remoteInfo = PDPerson;
		};
/* End PBXContainerItemProxy section */

/* Begin PBXFileReference section */
		041D6CD521A55EE200E26A43 /* UIImage+PD.h */ = {isa = PBXFileReference; lastKnownFileType = sourcecode.c.h; path = "UIImage+PD.h"; sourceTree = "<group>"; };
		041D6CD621A55EE200E26A43 /* UIImage+PD.m */ = {isa = PBXFileReference; lastKnownFileType = sourcecode.c.objc; path = "UIImage+PD.m"; sourceTree = "<group>"; };
		0436BD1E21AFC50B00249953 /* PDLoadingProgress.h */ = {isa = PBXFileReference; lastKnownFileType = sourcecode.c.h; path = PDLoadingProgress.h; sourceTree = "<group>"; };
		0436BD1F21AFC50B00249953 /* PDLoadingProgress.m */ = {isa = PBXFileReference; lastKnownFileType = sourcecode.c.objc; path = PDLoadingProgress.m; sourceTree = "<group>"; };
		0487B80D2169AC79001D797D /* PDPerson.app */ = {isa = PBXFileReference; explicitFileType = wrapper.application; includeInIndex = 0; path = PDPerson.app; sourceTree = BUILT_PRODUCTS_DIR; };
		0487B8102169AC79001D797D /* AppDelegate.h */ = {isa = PBXFileReference; lastKnownFileType = sourcecode.c.h; path = AppDelegate.h; sourceTree = "<group>"; };
		0487B8112169AC79001D797D /* AppDelegate.m */ = {isa = PBXFileReference; lastKnownFileType = sourcecode.c.objc; path = AppDelegate.m; sourceTree = "<group>"; };
		0487B8172169AC79001D797D /* Base */ = {isa = PBXFileReference; lastKnownFileType = file.storyboard; name = Base; path = Base.lproj/Main.storyboard; sourceTree = "<group>"; };
		0487B8192169AC79001D797D /* Assets.xcassets */ = {isa = PBXFileReference; lastKnownFileType = folder.assetcatalog; path = Assets.xcassets; sourceTree = "<group>"; };
		0487B81C2169AC79001D797D /* Base */ = {isa = PBXFileReference; lastKnownFileType = file.storyboard; name = Base; path = Base.lproj/LaunchScreen.storyboard; sourceTree = "<group>"; };
		0487B81E2169AC79001D797D /* Info.plist */ = {isa = PBXFileReference; lastKnownFileType = text.plist.xml; path = Info.plist; sourceTree = "<group>"; };
		0487B81F2169AC79001D797D /* main.m */ = {isa = PBXFileReference; lastKnownFileType = sourcecode.c.objc; path = main.m; sourceTree = "<group>"; };
		0487B8252169AC7A001D797D /* PDPersonTests.xctest */ = {isa = PBXFileReference; explicitFileType = wrapper.cfbundle; includeInIndex = 0; path = PDPersonTests.xctest; sourceTree = BUILT_PRODUCTS_DIR; };
		0487B8292169AC7A001D797D /* PDPersonTests.m */ = {isa = PBXFileReference; lastKnownFileType = sourcecode.c.objc; path = PDPersonTests.m; sourceTree = "<group>"; };
		0487B82B2169AC7A001D797D /* Info.plist */ = {isa = PBXFileReference; lastKnownFileType = text.plist.xml; path = Info.plist; sourceTree = "<group>"; };
		0487B83C2169EB75001D797D /* PDViewController.h */ = {isa = PBXFileReference; lastKnownFileType = sourcecode.c.h; path = PDViewController.h; sourceTree = "<group>"; };
		0487B83D2169EB75001D797D /* PDViewController.m */ = {isa = PBXFileReference; lastKnownFileType = sourcecode.c.objc; path = PDViewController.m; sourceTree = "<group>"; };
		0487B8402169F185001D797D /* PDNavigationController.h */ = {isa = PBXFileReference; lastKnownFileType = sourcecode.c.h; path = PDNavigationController.h; sourceTree = "<group>"; };
		0487B8412169F185001D797D /* PDNavigationController.m */ = {isa = PBXFileReference; lastKnownFileType = sourcecode.c.objc; path = PDNavigationController.m; sourceTree = "<group>"; };
		0487B8432169F2A5001D797D /* PrefixHeader.pch */ = {isa = PBXFileReference; lastKnownFileType = sourcecode.c.h; path = PrefixHeader.pch; sourceTree = "<group>"; };
		0487B8442169F3B1001D797D /* PDCachesManager.h */ = {isa = PBXFileReference; fileEncoding = 4; lastKnownFileType = sourcecode.c.h; path = PDCachesManager.h; sourceTree = "<group>"; };
		0487B8452169F3B1001D797D /* PDCachesManager.m */ = {isa = PBXFileReference; fileEncoding = 4; lastKnownFileType = sourcecode.c.objc; path = PDCachesManager.m; sourceTree = "<group>"; };
		0487B8472169F48C001D797D /* PDConst.h */ = {isa = PBXFileReference; lastKnownFileType = sourcecode.c.h; path = PDConst.h; sourceTree = "<group>"; };
		0487B8482169F48C001D797D /* PDConst.m */ = {isa = PBXFileReference; lastKnownFileType = sourcecode.c.objc; path = PDConst.m; sourceTree = "<group>"; };
		0487B84A2169F561001D797D /* SVProgressHUD+PD.m */ = {isa = PBXFileReference; fileEncoding = 4; lastKnownFileType = sourcecode.c.objc; path = "SVProgressHUD+PD.m"; sourceTree = "<group>"; };
		0487B84B2169F561001D797D /* SVProgressHUD+PD.h */ = {isa = PBXFileReference; fileEncoding = 4; lastKnownFileType = sourcecode.c.h; path = "SVProgressHUD+PD.h"; sourceTree = "<group>"; };
		0487B84D2169FA97001D797D /* PDTabBarController.h */ = {isa = PBXFileReference; lastKnownFileType = sourcecode.c.h; path = PDTabBarController.h; sourceTree = "<group>"; };
		0487B84E2169FA97001D797D /* PDTabBarController.m */ = {isa = PBXFileReference; lastKnownFileType = sourcecode.c.objc; path = PDTabBarController.m; sourceTree = "<group>"; };
		0487B850216A0153001D797D /* PDTableViewController.h */ = {isa = PBXFileReference; lastKnownFileType = sourcecode.c.h; path = PDTableViewController.h; sourceTree = "<group>"; };
		0487B851216A0153001D797D /* PDTableViewController.m */ = {isa = PBXFileReference; lastKnownFileType = sourcecode.c.objc; path = PDTableViewController.m; sourceTree = "<group>"; };
		0487B853216A06DE001D797D /* PDHomeVC.h */ = {isa = PBXFileReference; lastKnownFileType = sourcecode.c.h; path = PDHomeVC.h; sourceTree = "<group>"; };
		0487B854216A06DE001D797D /* PDHomeVC.m */ = {isa = PBXFileReference; lastKnownFileType = sourcecode.c.objc; path = PDHomeVC.m; sourceTree = "<group>"; };
		0487B856216AEE05001D797D /* PDWebViewController.h */ = {isa = PBXFileReference; lastKnownFileType = sourcecode.c.h; path = PDWebViewController.h; sourceTree = "<group>"; };
		0487B857216AEE05001D797D /* PDWebViewController.m */ = {isa = PBXFileReference; lastKnownFileType = sourcecode.c.objc; path = PDWebViewController.m; sourceTree = "<group>"; };
		0487B859216B29BC001D797D /* PDMineVC.h */ = {isa = PBXFileReference; lastKnownFileType = sourcecode.c.h; path = PDMineVC.h; sourceTree = "<group>"; };
		0487B85A216B29BC001D797D /* PDMineVC.m */ = {isa = PBXFileReference; lastKnownFileType = sourcecode.c.objc; path = PDMineVC.m; sourceTree = "<group>"; };
		04C0F7BD219D4A0300305A78 /* PDTimer.h */ = {isa = PBXFileReference; lastKnownFileType = sourcecode.c.h; path = PDTimer.h; sourceTree = "<group>"; };
		04C0F7BE219D4A0300305A78 /* PDTimer.m */ = {isa = PBXFileReference; lastKnownFileType = sourcecode.c.objc; path = PDTimer.m; sourceTree = "<group>"; };
		04C0F7C0219D623C00305A78 /* NSString+PD.h */ = {isa = PBXFileReference; fileEncoding = 4; lastKnownFileType = sourcecode.c.h; path = "NSString+PD.h"; sourceTree = "<group>"; };
		04C0F7C1219D623C00305A78 /* NSString+PD.m */ = {isa = PBXFileReference; fileEncoding = 4; lastKnownFileType = sourcecode.c.objc; path = "NSString+PD.m"; sourceTree = "<group>"; };
		04C0F7C3219D6A5200305A78 /* UIButton+larger.h */ = {isa = PBXFileReference; fileEncoding = 4; lastKnownFileType = sourcecode.c.h; path = "UIButton+larger.h"; sourceTree = "<group>"; };
		04C0F7C4219D6A5200305A78 /* UIButton+larger.m */ = {isa = PBXFileReference; fileEncoding = 4; lastKnownFileType = sourcecode.c.objc; path = "UIButton+larger.m"; sourceTree = "<group>"; };
		04C0F7C6219D6A9D00305A78 /* UILabel+PD.h */ = {isa = PBXFileReference; fileEncoding = 4; lastKnownFileType = sourcecode.c.h; path = "UILabel+PD.h"; sourceTree = "<group>"; };
		04C0F7C7219D6A9D00305A78 /* UILabel+PD.m */ = {isa = PBXFileReference; fileEncoding = 4; lastKnownFileType = sourcecode.c.objc; path = "UILabel+PD.m"; sourceTree = "<group>"; };
		04C0F7C9219D6B8700305A78 /* UIImageView+PD.m */ = {isa = PBXFileReference; fileEncoding = 4; lastKnownFileType = sourcecode.c.objc; path = "UIImageView+PD.m"; sourceTree = "<group>"; };
		04C0F7CA219D6B8700305A78 /* UIImageView+PD.h */ = {isa = PBXFileReference; fileEncoding = 4; lastKnownFileType = sourcecode.c.h; path = "UIImageView+PD.h"; sourceTree = "<group>"; };
		04C0F7CC219D6C6800305A78 /* UIColor+Extend.m */ = {isa = PBXFileReference; fileEncoding = 4; lastKnownFileType = sourcecode.c.objc; path = "UIColor+Extend.m"; sourceTree = "<group>"; };
		04C0F7CD219D6C6900305A78 /* UIColor+Extend.h */ = {isa = PBXFileReference; fileEncoding = 4; lastKnownFileType = sourcecode.c.h; path = "UIColor+Extend.h"; sourceTree = "<group>"; };
		04C0F7CF219D6CDF00305A78 /* UIButton+PD.m */ = {isa = PBXFileReference; fileEncoding = 4; lastKnownFileType = sourcecode.c.objc; path = "UIButton+PD.m"; sourceTree = "<group>"; };
		04C0F7D0219D6CDF00305A78 /* UIButton+PD.h */ = {isa = PBXFileReference; fileEncoding = 4; lastKnownFileType = sourcecode.c.h; path = "UIButton+PD.h"; sourceTree = "<group>"; };
		04C0F7D2219D705700305A78 /* PDRequestURL.h */ = {isa = PBXFileReference; fileEncoding = 4; lastKnownFileType = sourcecode.c.h; path = PDRequestURL.h; sourceTree = "<group>"; };
		04C0F7D3219D705800305A78 /* PDRequestURL.m */ = {isa = PBXFileReference; fileEncoding = 4; lastKnownFileType = sourcecode.c.objc; path = PDRequestURL.m; sourceTree = "<group>"; };
		04C0F7D5219D763E00305A78 /* PDXibCell.h */ = {isa = PBXFileReference; lastKnownFileType = sourcecode.c.h; path = PDXibCell.h; sourceTree = "<group>"; };
		04C0F7D6219D763E00305A78 /* PDXibCell.m */ = {isa = PBXFileReference; lastKnownFileType = sourcecode.c.objc; path = PDXibCell.m; sourceTree = "<group>"; };
		04C0F7D7219D763E00305A78 /* PDXibCell.xib */ = {isa = PBXFileReference; lastKnownFileType = file.xib; path = PDXibCell.xib; sourceTree = "<group>"; };
		04C0F7DA219EA76200305A78 /* PDShadowLabel.m */ = {isa = PBXFileReference; fileEncoding = 4; lastKnownFileType = sourcecode.c.objc; path = PDShadowLabel.m; sourceTree = "<group>"; };
		04C0F7DB219EA76200305A78 /* PDShadowLabel.h */ = {isa = PBXFileReference; fileEncoding = 4; lastKnownFileType = sourcecode.c.h; path = PDShadowLabel.h; sourceTree = "<group>"; };
		04C0F7DD219EAA6700305A78 /* UIAlertController+PD.h */ = {isa = PBXFileReference; fileEncoding = 4; lastKnownFileType = sourcecode.c.h; path = "UIAlertController+PD.h"; sourceTree = "<group>"; };
		04C0F7DE219EAA6700305A78 /* UIAlertController+PD.m */ = {isa = PBXFileReference; fileEncoding = 4; lastKnownFileType = sourcecode.c.objc; path = "UIAlertController+PD.m"; sourceTree = "<group>"; };
		04C0F7E0219EB22C00305A78 /* PDNetworkCache.h */ = {isa = PBXFileReference; lastKnownFileType = sourcecode.c.h; path = PDNetworkCache.h; sourceTree = "<group>"; };
		04C0F7E1219EB22C00305A78 /* PDNetworkCache.m */ = {isa = PBXFileReference; lastKnownFileType = sourcecode.c.objc; path = PDNetworkCache.m; sourceTree = "<group>"; };
		04C0F7E3219EB74000305A78 /* PDNetworking.h */ = {isa = PBXFileReference; lastKnownFileType = sourcecode.c.h; path = PDNetworking.h; sourceTree = "<group>"; };
		04C0F7E4219EB74000305A78 /* PDNetworking.m */ = {isa = PBXFileReference; lastKnownFileType = sourcecode.c.objc; path = PDNetworking.m; sourceTree = "<group>"; };
		04C0F7E6219EB95A00305A78 /* PDUploadParam.h */ = {isa = PBXFileReference; lastKnownFileType = sourcecode.c.h; path = PDUploadParam.h; sourceTree = "<group>"; };
		04C0F7E7219EB95A00305A78 /* PDUploadParam.m */ = {isa = PBXFileReference; lastKnownFileType = sourcecode.c.objc; path = PDUploadParam.m; sourceTree = "<group>"; };
		04C0F7E921A28E8400305A78 /* PDReachability.h */ = {isa = PBXFileReference; lastKnownFileType = sourcecode.c.h; path = PDReachability.h; sourceTree = "<group>"; };
		04C0F7EA21A28E8400305A78 /* PDReachability.m */ = {isa = PBXFileReference; lastKnownFileType = sourcecode.c.objc; path = PDReachability.m; sourceTree = "<group>"; };
		04C0F7EC21A2953800305A78 /* APIManager.h */ = {isa = PBXFileReference; lastKnownFileType = sourcecode.c.h; path = APIManager.h; sourceTree = "<group>"; };
		04C0F7ED21A2953800305A78 /* APIManager.m */ = {isa = PBXFileReference; lastKnownFileType = sourcecode.c.objc; path = APIManager.m; sourceTree = "<group>"; };
		04C0F7EF21A2993100305A78 /* PDBaseModel.h */ = {isa = PBXFileReference; lastKnownFileType = sourcecode.c.h; path = PDBaseModel.h; sourceTree = "<group>"; };
		04C0F7F021A2993100305A78 /* PDBaseModel.m */ = {isa = PBXFileReference; lastKnownFileType = sourcecode.c.objc; path = PDBaseModel.m; sourceTree = "<group>"; };
		04C0F7F221A2BA3500305A78 /* PDUserModel.h */ = {isa = PBXFileReference; lastKnownFileType = sourcecode.c.h; path = PDUserModel.h; sourceTree = "<group>"; };
		04C0F7F321A2BA3500305A78 /* PDUserModel.m */ = {isa = PBXFileReference; lastKnownFileType = sourcecode.c.objc; path = PDUserModel.m; sourceTree = "<group>"; };
		04C0F7F521A2BB9E00305A78 /* APPManager.h */ = {isa = PBXFileReference; lastKnownFileType = sourcecode.c.h; path = APPManager.h; sourceTree = "<group>"; };
		04C0F7F621A2BB9E00305A78 /* APPManager.m */ = {isa = PBXFileReference; lastKnownFileType = sourcecode.c.objc; path = APPManager.m; sourceTree = "<group>"; };
		04C0F7F821A2BBD200305A78 /* PDUserManager.h */ = {isa = PBXFileReference; lastKnownFileType = sourcecode.c.h; path = PDUserManager.h; sourceTree = "<group>"; };
		04C0F7F921A2BBD200305A78 /* PDUserManager.m */ = {isa = PBXFileReference; lastKnownFileType = sourcecode.c.objc; path = PDUserManager.m; sourceTree = "<group>"; };
		574AA14E3F37B45A1D8670AD /* Pods-PDPersonTests.debug.xcconfig */ = {isa = PBXFileReference; includeInIndex = 1; lastKnownFileType = text.xcconfig; name = "Pods-PDPersonTests.debug.xcconfig"; path = "Pods/Target Support Files/Pods-PDPersonTests/Pods-PDPersonTests.debug.xcconfig"; sourceTree = "<group>"; };
		A727909EA2254038BDA7D593 /* Pods-PDPersonTests.release.xcconfig */ = {isa = PBXFileReference; includeInIndex = 1; lastKnownFileType = text.xcconfig; name = "Pods-PDPersonTests.release.xcconfig"; path = "Pods/Target Support Files/Pods-PDPersonTests/Pods-PDPersonTests.release.xcconfig"; sourceTree = "<group>"; };
		AF395270F540724282D48567 /* libPods-PDPerson.a */ = {isa = PBXFileReference; explicitFileType = archive.ar; includeInIndex = 0; path = "libPods-PDPerson.a"; sourceTree = BUILT_PRODUCTS_DIR; };
		BB8892BB59B93018739DD0D8 /* Pods-PDPerson.release.xcconfig */ = {isa = PBXFileReference; includeInIndex = 1; lastKnownFileType = text.xcconfig; name = "Pods-PDPerson.release.xcconfig"; path = "Pods/Target Support Files/Pods-PDPerson/Pods-PDPerson.release.xcconfig"; sourceTree = "<group>"; };
		DAA978AAD79E8241E1A855B7 /* libPods-PDPersonTests.a */ = {isa = PBXFileReference; explicitFileType = archive.ar; includeInIndex = 0; path = "libPods-PDPersonTests.a"; sourceTree = BUILT_PRODUCTS_DIR; };
		F5EE7D1BCBE21DE097359C38 /* Pods-PDPerson.debug.xcconfig */ = {isa = PBXFileReference; includeInIndex = 1; lastKnownFileType = text.xcconfig; name = "Pods-PDPerson.debug.xcconfig"; path = "Pods/Target Support Files/Pods-PDPerson/Pods-PDPerson.debug.xcconfig"; sourceTree = "<group>"; };
/* End PBXFileReference section */

/* Begin PBXFrameworksBuildPhase section */
		0487B80A2169AC79001D797D /* Frameworks */ = {
			isa = PBXFrameworksBuildPhase;
			buildActionMask = 2147483647;
			files = (
				A0ACD4454771E4A4A52E0539 /* libPods-PDPerson.a in Frameworks */,
			);
			runOnlyForDeploymentPostprocessing = 0;
		};
		0487B8222169AC7A001D797D /* Frameworks */ = {
			isa = PBXFrameworksBuildPhase;
			buildActionMask = 2147483647;
			files = (
				C0125F98C9F36FD6A324C641 /* libPods-PDPersonTests.a in Frameworks */,
			);
			runOnlyForDeploymentPostprocessing = 0;
		};
/* End PBXFrameworksBuildPhase section */

/* Begin PBXGroup section */
		0487B8042169AC79001D797D = {
			isa = PBXGroup;
			children = (
				0487B80F2169AC79001D797D /* PDPerson */,
				0487B8282169AC7A001D797D /* PDPersonTests */,
				0487B80E2169AC79001D797D /* Products */,
				EA931A5EFC3099B299B8BCBD /* Pods */,
				F06CCB496A7F78A513761A29 /* Frameworks */,
			);
			sourceTree = "<group>";
		};
		0487B80E2169AC79001D797D /* Products */ = {
			isa = PBXGroup;
			children = (
				0487B80D2169AC79001D797D /* PDPerson.app */,
				0487B8252169AC7A001D797D /* PDPersonTests.xctest */,
			);
			name = Products;
			sourceTree = "<group>";
		};
		0487B80F2169AC79001D797D /* PDPerson */ = {
			isa = PBXGroup;
			children = (
				0487B83F2169F15E001D797D /* Base */,
				0487B83B2169EB42001D797D /* M */,
				0487B83A2169EB3C001D797D /* V */,
				0487B8392169EB2C001D797D /* C */,
				0487B8382169EAC3001D797D /* Const */,
				0487B8372169EAA7001D797D /* NetWork */,
				0487B8362169EA8F001D797D /* Category */,
				0487B8352169EA85001D797D /* Tool */,
				0487B8342169EA5D001D797D /* Other */,
				0487B8162169AC79001D797D /* Main.storyboard */,
				0487B8192169AC79001D797D /* Assets.xcassets */,
				0487B81B2169AC79001D797D /* LaunchScreen.storyboard */,
				0487B81E2169AC79001D797D /* Info.plist */,
				0487B81F2169AC79001D797D /* main.m */,
			);
			path = PDPerson;
			sourceTree = "<group>";
		};
		0487B8282169AC7A001D797D /* PDPersonTests */ = {
			isa = PBXGroup;
			children = (
				0487B8292169AC7A001D797D /* PDPersonTests.m */,
				0487B82B2169AC7A001D797D /* Info.plist */,
			);
			path = PDPersonTests;
			sourceTree = "<group>";
		};
		0487B8342169EA5D001D797D /* Other */ = {
			isa = PBXGroup;
			children = (
				0487B8102169AC79001D797D /* AppDelegate.h */,
				0487B8112169AC79001D797D /* AppDelegate.m */,
				0487B8432169F2A5001D797D /* PrefixHeader.pch */,
				04C0F7F521A2BB9E00305A78 /* APPManager.h */,
				04C0F7F621A2BB9E00305A78 /* APPManager.m */,
			);
			path = Other;
			sourceTree = "<group>";
		};
		0487B8352169EA85001D797D /* Tool */ = {
			isa = PBXGroup;
			children = (
				0487B8442169F3B1001D797D /* PDCachesManager.h */,
				0487B8452169F3B1001D797D /* PDCachesManager.m */,
				04C0F7BD219D4A0300305A78 /* PDTimer.h */,
				04C0F7BE219D4A0300305A78 /* PDTimer.m */,
				04C0F7F821A2BBD200305A78 /* PDUserManager.h */,
				04C0F7F921A2BBD200305A78 /* PDUserManager.m */,
			);
			path = Tool;
			sourceTree = "<group>";
		};
		0487B8362169EA8F001D797D /* Category */ = {
			isa = PBXGroup;
			children = (
				04C0F7DD219EAA6700305A78 /* UIAlertController+PD.h */,
				04C0F7DE219EAA6700305A78 /* UIAlertController+PD.m */,
				04C0F7D0219D6CDF00305A78 /* UIButton+PD.h */,
				04C0F7CF219D6CDF00305A78 /* UIButton+PD.m */,
				04C0F7CD219D6C6900305A78 /* UIColor+Extend.h */,
				04C0F7CC219D6C6800305A78 /* UIColor+Extend.m */,
				04C0F7CA219D6B8700305A78 /* UIImageView+PD.h */,
				04C0F7C9219D6B8700305A78 /* UIImageView+PD.m */,
				04C0F7C6219D6A9D00305A78 /* UILabel+PD.h */,
				04C0F7C7219D6A9D00305A78 /* UILabel+PD.m */,
				04C0F7C3219D6A5200305A78 /* UIButton+larger.h */,
				04C0F7C4219D6A5200305A78 /* UIButton+larger.m */,
				04C0F7C0219D623C00305A78 /* NSString+PD.h */,
				04C0F7C1219D623C00305A78 /* NSString+PD.m */,
				0487B84B2169F561001D797D /* SVProgressHUD+PD.h */,
				0487B84A2169F561001D797D /* SVProgressHUD+PD.m */,
				041D6CD521A55EE200E26A43 /* UIImage+PD.h */,
				041D6CD621A55EE200E26A43 /* UIImage+PD.m */,
			);
			path = Category;
			sourceTree = "<group>";
		};
		0487B8372169EAA7001D797D /* NetWork */ = {
			isa = PBXGroup;
			children = (
				04C0F7E3219EB74000305A78 /* PDNetworking.h */,
				04C0F7E4219EB74000305A78 /* PDNetworking.m */,
				04C0F7EC21A2953800305A78 /* APIManager.h */,
				04C0F7ED21A2953800305A78 /* APIManager.m */,
				04C0F7D2219D705700305A78 /* PDRequestURL.h */,
				04C0F7D3219D705800305A78 /* PDRequestURL.m */,
				04C0F7E0219EB22C00305A78 /* PDNetworkCache.h */,
				04C0F7E1219EB22C00305A78 /* PDNetworkCache.m */,
				04C0F7E6219EB95A00305A78 /* PDUploadParam.h */,
				04C0F7E7219EB95A00305A78 /* PDUploadParam.m */,
				04C0F7E921A28E8400305A78 /* PDReachability.h */,
				04C0F7EA21A28E8400305A78 /* PDReachability.m */,
			);
			path = NetWork;
			sourceTree = "<group>";
		};
		0487B8382169EAC3001D797D /* Const */ = {
			isa = PBXGroup;
			children = (
				0487B8472169F48C001D797D /* PDConst.h */,
				0487B8482169F48C001D797D /* PDConst.m */,
			);
			path = Const;
			sourceTree = "<group>";
		};
		0487B8392169EB2C001D797D /* C */ = {
			isa = PBXGroup;
			children = (
				0487B853216A06DE001D797D /* PDHomeVC.h */,
				0487B854216A06DE001D797D /* PDHomeVC.m */,
				0487B859216B29BC001D797D /* PDMineVC.h */,
				0487B85A216B29BC001D797D /* PDMineVC.m */,
			);
			path = C;
			sourceTree = "<group>";
		};
		0487B83A2169EB3C001D797D /* V */ = {
			isa = PBXGroup;
			children = (
				04C0F7DB219EA76200305A78 /* PDShadowLabel.h */,
				04C0F7DA219EA76200305A78 /* PDShadowLabel.m */,
				04C0F7D5219D763E00305A78 /* PDXibCell.h */,
				04C0F7D6219D763E00305A78 /* PDXibCell.m */,
				04C0F7D7219D763E00305A78 /* PDXibCell.xib */,
				0436BD1E21AFC50B00249953 /* PDLoadingProgress.h */,
				0436BD1F21AFC50B00249953 /* PDLoadingProgress.m */,
			);
			path = V;
			sourceTree = "<group>";
		};
		0487B83B2169EB42001D797D /* M */ = {
			isa = PBXGroup;
			children = (
				04C0F7EF21A2993100305A78 /* PDBaseModel.h */,
				04C0F7F021A2993100305A78 /* PDBaseModel.m */,
				04C0F7F221A2BA3500305A78 /* PDUserModel.h */,
				04C0F7F321A2BA3500305A78 /* PDUserModel.m */,
			);
			path = M;
			sourceTree = "<group>";
		};
		0487B83F2169F15E001D797D /* Base */ = {
			isa = PBXGroup;
			children = (
				0487B83C2169EB75001D797D /* PDViewController.h */,
				0487B83D2169EB75001D797D /* PDViewController.m */,
				0487B8402169F185001D797D /* PDNavigationController.h */,
				0487B8412169F185001D797D /* PDNavigationController.m */,
				0487B84D2169FA97001D797D /* PDTabBarController.h */,
				0487B84E2169FA97001D797D /* PDTabBarController.m */,
				0487B850216A0153001D797D /* PDTableViewController.h */,
				0487B851216A0153001D797D /* PDTableViewController.m */,
				0487B856216AEE05001D797D /* PDWebViewController.h */,
				0487B857216AEE05001D797D /* PDWebViewController.m */,
			);
			path = Base;
			sourceTree = "<group>";
		};
		EA931A5EFC3099B299B8BCBD /* Pods */ = {
			isa = PBXGroup;
			children = (
				F5EE7D1BCBE21DE097359C38 /* Pods-PDPerson.debug.xcconfig */,
				BB8892BB59B93018739DD0D8 /* Pods-PDPerson.release.xcconfig */,
				574AA14E3F37B45A1D8670AD /* Pods-PDPersonTests.debug.xcconfig */,
				A727909EA2254038BDA7D593 /* Pods-PDPersonTests.release.xcconfig */,
			);
			name = Pods;
			sourceTree = "<group>";
		};
		F06CCB496A7F78A513761A29 /* Frameworks */ = {
			isa = PBXGroup;
			children = (
				AF395270F540724282D48567 /* libPods-PDPerson.a */,
				DAA978AAD79E8241E1A855B7 /* libPods-PDPersonTests.a */,
			);
			name = Frameworks;
			sourceTree = "<group>";
		};
/* End PBXGroup section */

/* Begin PBXNativeTarget section */
		0487B80C2169AC79001D797D /* PDPerson */ = {
			isa = PBXNativeTarget;
			buildConfigurationList = 0487B82E2169AC7A001D797D /* Build configuration list for PBXNativeTarget "PDPerson" */;
			buildPhases = (
				D13716A0990173F22488D4B5 /* [CP] Check Pods Manifest.lock */,
				0487B8092169AC79001D797D /* Sources */,
				0487B80A2169AC79001D797D /* Frameworks */,
				0487B80B2169AC79001D797D /* Resources */,
				470E1EFEB7299BE7049A5530 /* [CP] Copy Pods Resources */,
			);
			buildRules = (
			);
			dependencies = (
			);
			name = PDPerson;
			productName = PDPerson;
			productReference = 0487B80D2169AC79001D797D /* PDPerson.app */;
			productType = "com.apple.product-type.application";
		};
		0487B8242169AC7A001D797D /* PDPersonTests */ = {
			isa = PBXNativeTarget;
			buildConfigurationList = 0487B8312169AC7A001D797D /* Build configuration list for PBXNativeTarget "PDPersonTests" */;
			buildPhases = (
				9C25FE19CE585D6B47FD6193 /* [CP] Check Pods Manifest.lock */,
				0487B8212169AC7A001D797D /* Sources */,
				0487B8222169AC7A001D797D /* Frameworks */,
				0487B8232169AC7A001D797D /* Resources */,
			);
			buildRules = (
			);
			dependencies = (
				0487B8272169AC7A001D797D /* PBXTargetDependency */,
			);
			name = PDPersonTests;
			productName = PDPersonTests;
			productReference = 0487B8252169AC7A001D797D /* PDPersonTests.xctest */;
			productType = "com.apple.product-type.bundle.unit-test";
		};
/* End PBXNativeTarget section */

/* Begin PBXProject section */
		0487B8052169AC79001D797D /* Project object */ = {
			isa = PBXProject;
			attributes = {
				LastUpgradeCheck = 0920;
				ORGANIZATIONNAME = QingYe;
				TargetAttributes = {
					0487B80C2169AC79001D797D = {
						CreatedOnToolsVersion = 9.2;
						ProvisioningStyle = Automatic;
					};
					0487B8242169AC7A001D797D = {
						CreatedOnToolsVersion = 9.2;
						ProvisioningStyle = Automatic;
						TestTargetID = 0487B80C2169AC79001D797D;
					};
				};
			};
			buildConfigurationList = 0487B8082169AC79001D797D /* Build configuration list for PBXProject "PDPerson" */;
			compatibilityVersion = "Xcode 8.0";
			developmentRegion = en;
			hasScannedForEncodings = 0;
			knownRegions = (
				en,
				Base,
			);
			mainGroup = 0487B8042169AC79001D797D;
			productRefGroup = 0487B80E2169AC79001D797D /* Products */;
			projectDirPath = "";
			projectRoot = "";
			targets = (
				0487B80C2169AC79001D797D /* PDPerson */,
				0487B8242169AC7A001D797D /* PDPersonTests */,
			);
		};
/* End PBXProject section */

/* Begin PBXResourcesBuildPhase section */
		0487B80B2169AC79001D797D /* Resources */ = {
			isa = PBXResourcesBuildPhase;
			buildActionMask = 2147483647;
			files = (
				0487B81D2169AC79001D797D /* LaunchScreen.storyboard in Resources */,
				04C0F7D9219D763E00305A78 /* PDXibCell.xib in Resources */,
				0487B81A2169AC79001D797D /* Assets.xcassets in Resources */,
				0487B8182169AC79001D797D /* Main.storyboard in Resources */,
			);
			runOnlyForDeploymentPostprocessing = 0;
		};
		0487B8232169AC7A001D797D /* Resources */ = {
			isa = PBXResourcesBuildPhase;
			buildActionMask = 2147483647;
			files = (
			);
			runOnlyForDeploymentPostprocessing = 0;
		};
/* End PBXResourcesBuildPhase section */

/* Begin PBXShellScriptBuildPhase section */
		470E1EFEB7299BE7049A5530 /* [CP] Copy Pods Resources */ = {
			isa = PBXShellScriptBuildPhase;
			buildActionMask = 2147483647;
			files = (
			);
			inputPaths = (
				"${SRCROOT}/Pods/Target Support Files/Pods-PDPerson/Pods-PDPerson-resources.sh",
				"${PODS_ROOT}/HXPhotoPicker/照片选择器/HXPhotoPicker/HXPhotoPicker.bundle",
				"${PODS_ROOT}/IQKeyboardManager/IQKeyboardManager/Resources/IQKeyboardManager.bundle",
				"${PODS_ROOT}/MJRefresh/MJRefresh/MJRefresh.bundle",
				"${PODS_ROOT}/MOFSPickerManager/MOFSPickerManagerDemo/MOFSPickerManager/province_data.xml",
				"${PODS_ROOT}/SVProgressHUD/SVProgressHUD/SVProgressHUD.bundle",
			);
			name = "[CP] Copy Pods Resources";
			outputPaths = (
				"${TARGET_BUILD_DIR}/${UNLOCALIZED_RESOURCES_FOLDER_PATH}/HXPhotoPicker.bundle",
				"${TARGET_BUILD_DIR}/${UNLOCALIZED_RESOURCES_FOLDER_PATH}/IQKeyboardManager.bundle",
				"${TARGET_BUILD_DIR}/${UNLOCALIZED_RESOURCES_FOLDER_PATH}/MJRefresh.bundle",
				"${TARGET_BUILD_DIR}/${UNLOCALIZED_RESOURCES_FOLDER_PATH}/province_data.xml",
				"${TARGET_BUILD_DIR}/${UNLOCALIZED_RESOURCES_FOLDER_PATH}/SVProgressHUD.bundle",
			);
			runOnlyForDeploymentPostprocessing = 0;
			shellPath = /bin/sh;
			shellScript = "\"${SRCROOT}/Pods/Target Support Files/Pods-PDPerson/Pods-PDPerson-resources.sh\"\n";
			showEnvVarsInLog = 0;
		};
		9C25FE19CE585D6B47FD6193 /* [CP] Check Pods Manifest.lock */ = {
			isa = PBXShellScriptBuildPhase;
			buildActionMask = 2147483647;
			files = (
			);
			inputPaths = (
				"${PODS_PODFILE_DIR_PATH}/Podfile.lock",
				"${PODS_ROOT}/Manifest.lock",
			);
			name = "[CP] Check Pods Manifest.lock";
			outputPaths = (
				"$(DERIVED_FILE_DIR)/Pods-PDPersonTests-checkManifestLockResult.txt",
			);
			runOnlyForDeploymentPostprocessing = 0;
			shellPath = /bin/sh;
			shellScript = "diff \"${PODS_PODFILE_DIR_PATH}/Podfile.lock\" \"${PODS_ROOT}/Manifest.lock\" > /dev/null\nif [ $? != 0 ] ; then\n    # print error to STDERR\n    echo \"error: The sandbox is not in sync with the Podfile.lock. Run 'pod install' or update your CocoaPods installation.\" >&2\n    exit 1\nfi\n# This output is used by Xcode 'outputs' to avoid re-running this script phase.\necho \"SUCCESS\" > \"${SCRIPT_OUTPUT_FILE_0}\"\n";
			showEnvVarsInLog = 0;
		};
		D13716A0990173F22488D4B5 /* [CP] Check Pods Manifest.lock */ = {
			isa = PBXShellScriptBuildPhase;
			buildActionMask = 2147483647;
			files = (
			);
			inputPaths = (
				"${PODS_PODFILE_DIR_PATH}/Podfile.lock",
				"${PODS_ROOT}/Manifest.lock",
			);
			name = "[CP] Check Pods Manifest.lock";
			outputPaths = (
				"$(DERIVED_FILE_DIR)/Pods-PDPerson-checkManifestLockResult.txt",
			);
			runOnlyForDeploymentPostprocessing = 0;
			shellPath = /bin/sh;
			shellScript = "diff \"${PODS_PODFILE_DIR_PATH}/Podfile.lock\" \"${PODS_ROOT}/Manifest.lock\" > /dev/null\nif [ $? != 0 ] ; then\n    # print error to STDERR\n    echo \"error: The sandbox is not in sync with the Podfile.lock. Run 'pod install' or update your CocoaPods installation.\" >&2\n    exit 1\nfi\n# This output is used by Xcode 'outputs' to avoid re-running this script phase.\necho \"SUCCESS\" > \"${SCRIPT_OUTPUT_FILE_0}\"\n";
			showEnvVarsInLog = 0;
		};
/* End PBXShellScriptBuildPhase section */

/* Begin PBXSourcesBuildPhase section */
		0487B8092169AC79001D797D /* Sources */ = {
			isa = PBXSourcesBuildPhase;
			buildActionMask = 2147483647;
			files = (
				04C0F7CB219D6B8700305A78 /* UIImageView+PD.m in Sources */,
				04C0F7D4219D705800305A78 /* PDRequestURL.m in Sources */,
				0487B84C2169F561001D797D /* SVProgressHUD+PD.m in Sources */,
				04C0F7F721A2BB9E00305A78 /* APPManager.m in Sources */,
				04C0F7BF219D4A0300305A78 /* PDTimer.m in Sources */,
				04C0F7EE21A2953800305A78 /* APIManager.m in Sources */,
				04C0F7DF219EAA6700305A78 /* UIAlertController+PD.m in Sources */,
				041D6CD721A55EE200E26A43 /* UIImage+PD.m in Sources */,
				04C0F7E2219EB22C00305A78 /* PDNetworkCache.m in Sources */,
				0487B8202169AC79001D797D /* main.m in Sources */,
				0487B8492169F48C001D797D /* PDConst.m in Sources */,
				04C0F7C8219D6A9E00305A78 /* UILabel+PD.m in Sources */,
				0487B852216A0153001D797D /* PDTableViewController.m in Sources */,
				04C0F7D8219D763E00305A78 /* PDXibCell.m in Sources */,
				0487B84F2169FA97001D797D /* PDTabBarController.m in Sources */,
				04C0F7F121A2993100305A78 /* PDBaseModel.m in Sources */,
				04C0F7F421A2BA3500305A78 /* PDUserModel.m in Sources */,
				04C0F7DC219EA76300305A78 /* PDShadowLabel.m in Sources */,
				0487B855216A06DE001D797D /* PDHomeVC.m in Sources */,
				0487B8462169F3B1001D797D /* PDCachesManager.m in Sources */,
				04C0F7E5219EB74000305A78 /* PDNetworking.m in Sources */,
				0487B83E2169EB75001D797D /* PDViewController.m in Sources */,
				04C0F7C2219D623C00305A78 /* NSString+PD.m in Sources */,
				0436BD2021AFC50B00249953 /* PDLoadingProgress.m in Sources */,
				04C0F7EB21A28E8400305A78 /* PDReachability.m in Sources */,
				04C0F7E8219EB95A00305A78 /* PDUploadParam.m in Sources */,
				04C0F7FA21A2BBD200305A78 /* PDUserManager.m in Sources */,
				0487B858216AEE05001D797D /* PDWebViewController.m in Sources */,
				04C0F7CE219D6C6900305A78 /* UIColor+Extend.m in Sources */,
				04C0F7C5219D6A5200305A78 /* UIButton+larger.m in Sources */,
				0487B8122169AC79001D797D /* AppDelegate.m in Sources */,
				0487B8422169F185001D797D /* PDNavigationController.m in Sources */,
				0487B85B216B29BC001D797D /* PDMineVC.m in Sources */,
				04C0F7D1219D6CDF00305A78 /* UIButton+PD.m in Sources */,
			);
			runOnlyForDeploymentPostprocessing = 0;
		};
		0487B8212169AC7A001D797D /* Sources */ = {
			isa = PBXSourcesBuildPhase;
			buildActionMask = 2147483647;
			files = (
				0487B82A2169AC7A001D797D /* PDPersonTests.m in Sources */,
			);
			runOnlyForDeploymentPostprocessing = 0;
		};
/* End PBXSourcesBuildPhase section */

/* Begin PBXTargetDependency section */
		0487B8272169AC7A001D797D /* PBXTargetDependency */ = {
			isa = PBXTargetDependency;
			target = 0487B80C2169AC79001D797D /* PDPerson */;
			targetProxy = 0487B8262169AC7A001D797D /* PBXContainerItemProxy */;
		};
/* End PBXTargetDependency section */

/* Begin PBXVariantGroup section */
		0487B8162169AC79001D797D /* Main.storyboard */ = {
			isa = PBXVariantGroup;
			children = (
				0487B8172169AC79001D797D /* Base */,
			);
			name = Main.storyboard;
			sourceTree = "<group>";
		};
		0487B81B2169AC79001D797D /* LaunchScreen.storyboard */ = {
			isa = PBXVariantGroup;
			children = (
				0487B81C2169AC79001D797D /* Base */,
			);
			name = LaunchScreen.storyboard;
			sourceTree = "<group>";
		};
/* End PBXVariantGroup section */

/* Begin XCBuildConfiguration section */
		0487B82C2169AC7A001D797D /* Debug */ = {
			isa = XCBuildConfiguration;
			buildSettings = {
				ALWAYS_SEARCH_USER_PATHS = NO;
				CLANG_ANALYZER_NONNULL = YES;
				CLANG_ANALYZER_NUMBER_OBJECT_CONVERSION = YES_AGGRESSIVE;
				CLANG_CXX_LANGUAGE_STANDARD = "gnu++14";
				CLANG_CXX_LIBRARY = "libc++";
				CLANG_ENABLE_MODULES = YES;
				CLANG_ENABLE_OBJC_ARC = YES;
				CLANG_WARN_BLOCK_CAPTURE_AUTORELEASING = YES;
				CLANG_WARN_BOOL_CONVERSION = YES;
				CLANG_WARN_COMMA = YES;
				CLANG_WARN_CONSTANT_CONVERSION = YES;
				CLANG_WARN_DIRECT_OBJC_ISA_USAGE = YES_ERROR;
				CLANG_WARN_DOCUMENTATION_COMMENTS = YES;
				CLANG_WARN_EMPTY_BODY = YES;
				CLANG_WARN_ENUM_CONVERSION = YES;
				CLANG_WARN_INFINITE_RECURSION = YES;
				CLANG_WARN_INT_CONVERSION = YES;
				CLANG_WARN_NON_LITERAL_NULL_CONVERSION = YES;
				CLANG_WARN_OBJC_LITERAL_CONVERSION = YES;
				CLANG_WARN_OBJC_ROOT_CLASS = YES_ERROR;
				CLANG_WARN_RANGE_LOOP_ANALYSIS = YES;
				CLANG_WARN_STRICT_PROTOTYPES = YES;
				CLANG_WARN_SUSPICIOUS_MOVE = YES;
				CLANG_WARN_UNGUARDED_AVAILABILITY = YES_AGGRESSIVE;
				CLANG_WARN_UNREACHABLE_CODE = YES;
				CLANG_WARN__DUPLICATE_METHOD_MATCH = YES;
				CODE_SIGN_IDENTITY = "iPhone Developer";
				COPY_PHASE_STRIP = NO;
				DEBUG_INFORMATION_FORMAT = dwarf;
				ENABLE_STRICT_OBJC_MSGSEND = YES;
				ENABLE_TESTABILITY = YES;
				GCC_C_LANGUAGE_STANDARD = gnu11;
				GCC_DYNAMIC_NO_PIC = NO;
				GCC_NO_COMMON_BLOCKS = YES;
				GCC_OPTIMIZATION_LEVEL = 0;
				GCC_PREPROCESSOR_DEFINITIONS = (
					"DEBUG=1",
					"$(inherited)",
				);
				GCC_WARN_64_TO_32_BIT_CONVERSION = YES;
				GCC_WARN_ABOUT_RETURN_TYPE = YES_ERROR;
				GCC_WARN_UNDECLARED_SELECTOR = YES;
				GCC_WARN_UNINITIALIZED_AUTOS = YES_AGGRESSIVE;
				GCC_WARN_UNUSED_FUNCTION = YES;
				GCC_WARN_UNUSED_VARIABLE = YES;
				IPHONEOS_DEPLOYMENT_TARGET = 11.2;
				MTL_ENABLE_DEBUG_INFO = YES;
				ONLY_ACTIVE_ARCH = YES;
				SDKROOT = iphoneos;
			};
			name = Debug;
		};
		0487B82D2169AC7A001D797D /* Release */ = {
			isa = XCBuildConfiguration;
			buildSettings = {
				ALWAYS_SEARCH_USER_PATHS = NO;
				CLANG_ANALYZER_NONNULL = YES;
				CLANG_ANALYZER_NUMBER_OBJECT_CONVERSION = YES_AGGRESSIVE;
				CLANG_CXX_LANGUAGE_STANDARD = "gnu++14";
				CLANG_CXX_LIBRARY = "libc++";
				CLANG_ENABLE_MODULES = YES;
				CLANG_ENABLE_OBJC_ARC = YES;
				CLANG_WARN_BLOCK_CAPTURE_AUTORELEASING = YES;
				CLANG_WARN_BOOL_CONVERSION = YES;
				CLANG_WARN_COMMA = YES;
				CLANG_WARN_CONSTANT_CONVERSION = YES;
				CLANG_WARN_DIRECT_OBJC_ISA_USAGE = YES_ERROR;
				CLANG_WARN_DOCUMENTATION_COMMENTS = YES;
				CLANG_WARN_EMPTY_BODY = YES;
				CLANG_WARN_ENUM_CONVERSION = YES;
				CLANG_WARN_INFINITE_RECURSION = YES;
				CLANG_WARN_INT_CONVERSION = YES;
				CLANG_WARN_NON_LITERAL_NULL_CONVERSION = YES;
				CLANG_WARN_OBJC_LITERAL_CONVERSION = YES;
				CLANG_WARN_OBJC_ROOT_CLASS = YES_ERROR;
				CLANG_WARN_RANGE_LOOP_ANALYSIS = YES;
				CLANG_WARN_STRICT_PROTOTYPES = YES;
				CLANG_WARN_SUSPICIOUS_MOVE = YES;
				CLANG_WARN_UNGUARDED_AVAILABILITY = YES_AGGRESSIVE;
				CLANG_WARN_UNREACHABLE_CODE = YES;
				CLANG_WARN__DUPLICATE_METHOD_MATCH = YES;
				CODE_SIGN_IDENTITY = "iPhone Developer";
				COPY_PHASE_STRIP = NO;
				DEBUG_INFORMATION_FORMAT = "dwarf-with-dsym";
				ENABLE_NS_ASSERTIONS = NO;
				ENABLE_STRICT_OBJC_MSGSEND = YES;
				GCC_C_LANGUAGE_STANDARD = gnu11;
				GCC_NO_COMMON_BLOCKS = YES;
				GCC_WARN_64_TO_32_BIT_CONVERSION = YES;
				GCC_WARN_ABOUT_RETURN_TYPE = YES_ERROR;
				GCC_WARN_UNDECLARED_SELECTOR = YES;
				GCC_WARN_UNINITIALIZED_AUTOS = YES_AGGRESSIVE;
				GCC_WARN_UNUSED_FUNCTION = YES;
				GCC_WARN_UNUSED_VARIABLE = YES;
				IPHONEOS_DEPLOYMENT_TARGET = 11.2;
				MTL_ENABLE_DEBUG_INFO = NO;
				SDKROOT = iphoneos;
				VALIDATE_PRODUCT = YES;
			};
			name = Release;
		};
		0487B82F2169AC7A001D797D /* Debug */ = {
			isa = XCBuildConfiguration;
			baseConfigurationReference = F5EE7D1BCBE21DE097359C38 /* Pods-PDPerson.debug.xcconfig */;
			buildSettings = {
				ALWAYS_EMBED_SWIFT_STANDARD_LIBRARIES = YES;
				ASSETCATALOG_COMPILER_APPICON_NAME = AppIcon;
				CODE_SIGN_STYLE = Automatic;
				DEVELOPMENT_TEAM = 3JMZ3AHU9Y;
				GCC_PRECOMPILE_PREFIX_HEADER = YES;
				GCC_PREFIX_HEADER = "$(SRCROOT)/PDPerson/Other/PrefixHeader.pch";
				INFOPLIST_FILE = PDPerson/Info.plist;
				IPHONEOS_DEPLOYMENT_TARGET = 9.0;
				LD_RUNPATH_SEARCH_PATHS = "$(inherited) @executable_path/Frameworks";
				PRODUCT_BUNDLE_IDENTIFIER = www.pd.com.PDPerson;
				PRODUCT_NAME = "$(TARGET_NAME)";
				TARGETED_DEVICE_FAMILY = 1;
			};
			name = Debug;
		};
		0487B8302169AC7A001D797D /* Release */ = {
			isa = XCBuildConfiguration;
			baseConfigurationReference = BB8892BB59B93018739DD0D8 /* Pods-PDPerson.release.xcconfig */;
			buildSettings = {
				ALWAYS_EMBED_SWIFT_STANDARD_LIBRARIES = YES;
				ASSETCATALOG_COMPILER_APPICON_NAME = AppIcon;
				CODE_SIGN_STYLE = Automatic;
				DEVELOPMENT_TEAM = 3JMZ3AHU9Y;
				GCC_PRECOMPILE_PREFIX_HEADER = YES;
				GCC_PREFIX_HEADER = "$(SRCROOT)/PDPerson/Other/PrefixHeader.pch";
				INFOPLIST_FILE = PDPerson/Info.plist;
				IPHONEOS_DEPLOYMENT_TARGET = 9.0;
				LD_RUNPATH_SEARCH_PATHS = "$(inherited) @executable_path/Frameworks";
				PRODUCT_BUNDLE_IDENTIFIER = www.pd.com.PDPerson;
				PRODUCT_NAME = "$(TARGET_NAME)";
				TARGETED_DEVICE_FAMILY = 1;
			};
			name = Release;
		};
		0487B8322169AC7A001D797D /* Debug */ = {
			isa = XCBuildConfiguration;
			baseConfigurationReference = 574AA14E3F37B45A1D8670AD /* Pods-PDPersonTests.debug.xcconfig */;
			buildSettings = {
				BUNDLE_LOADER = "$(TEST_HOST)";
				CODE_SIGN_STYLE = Automatic;
				DEVELOPMENT_TEAM = U93W9VXREK;
				INFOPLIST_FILE = PDPersonTests/Info.plist;
				LD_RUNPATH_SEARCH_PATHS = "$(inherited) @executable_path/Frameworks @loader_path/Frameworks";
				PRODUCT_BUNDLE_IDENTIFIER = www.pd.com.PDPersonTests;
				PRODUCT_NAME = "$(TARGET_NAME)";
				TARGETED_DEVICE_FAMILY = "1,2";
				TEST_HOST = "$(BUILT_PRODUCTS_DIR)/PDPerson.app/PDPerson";
			};
			name = Debug;
		};
		0487B8332169AC7A001D797D /* Release */ = {
			isa = XCBuildConfiguration;
			baseConfigurationReference = A727909EA2254038BDA7D593 /* Pods-PDPersonTests.release.xcconfig */;
			buildSettings = {
				BUNDLE_LOADER = "$(TEST_HOST)";
				CODE_SIGN_STYLE = Automatic;
				DEVELOPMENT_TEAM = U93W9VXREK;
				INFOPLIST_FILE = PDPersonTests/Info.plist;
				LD_RUNPATH_SEARCH_PATHS = "$(inherited) @executable_path/Frameworks @loader_path/Frameworks";
				PRODUCT_BUNDLE_IDENTIFIER = www.pd.com.PDPersonTests;
				PRODUCT_NAME = "$(TARGET_NAME)";
				TARGETED_DEVICE_FAMILY = "1,2";
				TEST_HOST = "$(BUILT_PRODUCTS_DIR)/PDPerson.app/PDPerson";
			};
			name = Release;
		};
/* End XCBuildConfiguration section */

/* Begin XCConfigurationList section */
		0487B8082169AC79001D797D /* Build configuration list for PBXProject "PDPerson" */ = {
			isa = XCConfigurationList;
			buildConfigurations = (
				0487B82C2169AC7A001D797D /* Debug */,
				0487B82D2169AC7A001D797D /* Release */,
			);
			defaultConfigurationIsVisible = 0;
			defaultConfigurationName = Release;
		};
		0487B82E2169AC7A001D797D /* Build configuration list for PBXNativeTarget "PDPerson" */ = {
			isa = XCConfigurationList;
			buildConfigurations = (
				0487B82F2169AC7A001D797D /* Debug */,
				0487B8302169AC7A001D797D /* Release */,
			);
			defaultConfigurationIsVisible = 0;
			defaultConfigurationName = Release;
		};
		0487B8312169AC7A001D797D /* Build configuration list for PBXNativeTarget "PDPersonTests" */ = {
			isa = XCConfigurationList;
			buildConfigurations = (
				0487B8322169AC7A001D797D /* Debug */,
				0487B8332169AC7A001D797D /* Release */,
			);
			defaultConfigurationIsVisible = 0;
			defaultConfigurationName = Release;
		};
/* End XCConfigurationList section */
	};
	rootObject = 0487B8052169AC79001D797D /* Project object */;
}
